PODS:
  - connectivity_plus (0.0.1):
    - Flutter
    - ReachabilitySwift
  - device_info (0.0.1):
    - Flutter
  - Flutter (1.0.0)
  - Nama-lite (8.5.0)
  - NECoreIMKit (9.6.9):
    - NECoreIMKit/NOS (= 9.6.9)
  - NECoreIMKit/NOS (9.6.9):
    - NECoreKit (= 9.6.7)
    - NIMSDK_LITE (= 9.16.1)
    - YXAlog (= 1.0.7)
  - NECoreKit (9.6.7):
    - YXAlog (= 1.0.7)
  - NEDyldYuv (0.0.1)
  - NELivePlayer (3.2.100):
    - NELivePlayer/BasicModule (= 3.2.100)
    - NELivePlayer/LivePlayer (= 3.2.100)
  - NELivePlayer/BasicModule (3.2.100)
  - NELivePlayer/LivePlayer (3.2.100)
  - neliveplayer_core (0.0.1):
    - Flutter
    - NELivePlayer (= 3.2.100)
  - NERoomKit (1.30.0):
    - NECoreKit (>= 9.6.6)
    - NERoomKit/Audio (= 1.30.0)
    - NERoomKit/Base (= 1.30.0)
    - NERoomKit/Beauty (= 1.30.0)
    - NERoomKit/ScreenShare (= 1.30.0)
    - NERoomKit/Segment (= 1.30.0)
    - NERoomKit/Video (= 1.30.0)
  - NERoomKit/Audio (1.30.0):
    - NECoreKit (>= 9.6.6)
    - NERtcSDK/AiDenoise (= 5.6.20)
    - NERtcSDK/AiHowling (= 5.6.20)
    - NERtcSDK/Nenn (= 5.6.20)
    - NERtcSDK/SpatialSound (= 5.6.20)
  - NERoomKit/Base (1.30.0):
    - NECoreIMKit (= 9.6.9)
    - NECoreKit (>= 9.6.6)
    - NERtcSDK/RtcBasic (= 5.6.20)
    - NIMSDK_LITE (= 9.16.1)
  - NERoomKit/Beauty (1.30.0):
    - NECoreKit (>= 9.6.6)
    - NERtcSDK/Beauty (= 5.6.20)
    - NERtcSDK/FaceDetect (= 5.6.20)
    - NERtcSDK/FaceEnhance (= 5.6.20)
    - NERtcSDK/Nenn (= 5.6.20)
  - NERoomKit/ScreenShare (1.30.0):
    - NECoreKit (>= 9.6.6)
    - NERtcSDK/ScreenShare (= 5.6.20)
  - NERoomKit/Segment (1.30.0):
    - NECoreKit (>= 9.6.6)
    - NERtcSDK/Nenn (= 5.6.20)
    - NERtcSDK/Segment (= 5.6.20)
  - NERoomKit/Video (1.30.0):
    - NECoreKit (>= 9.6.6)
    - NERtcSDK/SuperResolution (= 5.6.20)
    - NERtcSDK/VideoDenoise (= 5.6.20)
  - nertc_faceunity (0.0.1):
    - Flutter
    - Nama-lite (= 8.5.0)
    - NERtcSDK/RtcBasic (>= 5.4.0)
  - NERtcSDK/AiDenoise (5.6.20)
  - NERtcSDK/AiHowling (5.6.20)
  - NERtcSDK/Beauty (5.6.20)
  - NERtcSDK/FaceDetect (5.6.20)
  - NERtcSDK/FaceEnhance (5.6.20)
  - NERtcSDK/Nenn (5.6.20)
  - NERtcSDK/RtcBasic (5.6.20)
  - NERtcSDK/ScreenShare (5.6.20)
  - NERtcSDK/Segment (5.6.20)
  - NERtcSDK/SpatialSound (5.6.20)
  - NERtcSDK/SuperResolution (5.6.20)
  - NERtcSDK/VideoDenoise (5.6.20)
  - netease_roomkit (0.0.1):
    - Flutter
    - NEDyldYuv (= 0.0.1)
    - NERoomKit (= 1.30.0)
    - YXAlog
  - NIMSDK_LITE (9.16.1):
    - NIMSDK_LITE/NOS (= 9.16.1)
    - YXArtemis
  - NIMSDK_LITE/NOS (9.16.1):
    - YXArtemis
  - package_info (0.0.1):
    - Flutter
  - path_provider_foundation (0.0.1):
    - Flutter
    - FlutterMacOS
  - permission_handler_apple (9.3.0):
    - Flutter
  - ReachabilitySwift (5.2.3)
  - shared_preferences_foundation (0.0.1):
    - Flutter
    - FlutterMacOS
  - url_launcher_ios (0.0.1):
    - Flutter
  - wakelock (0.0.1):
    - Flutter
  - yunxin_alog (0.0.1):
    - Flutter
    - YXAlog (~> 1.0.7)
  - YXAlog (1.0.7)
  - YXArtemis (1.1.4)

DEPENDENCIES:
  - connectivity_plus (from `.symlinks/plugins/connectivity_plus/ios`)
  - device_info (from `.symlinks/plugins/device_info/ios`)
  - Flutter (from `Flutter`)
  - neliveplayer_core (from `.symlinks/plugins/neliveplayer_core/ios`)
  - nertc_faceunity (from `.symlinks/plugins/nertc_faceunity/ios`)
  - netease_roomkit (from `.symlinks/plugins/netease_roomkit/ios`)
  - package_info (from `.symlinks/plugins/package_info/ios`)
  - path_provider_foundation (from `.symlinks/plugins/path_provider_foundation/darwin`)
  - permission_handler_apple (from `.symlinks/plugins/permission_handler_apple/ios`)
  - shared_preferences_foundation (from `.symlinks/plugins/shared_preferences_foundation/darwin`)
  - url_launcher_ios (from `.symlinks/plugins/url_launcher_ios/ios`)
  - wakelock (from `.symlinks/plugins/wakelock/ios`)
  - yunxin_alog (from `.symlinks/plugins/yunxin_alog/ios`)

SPEC REPOS:
  https://github.com/CocoaPods/Specs.git:
    - Nama-lite
    - NECoreIMKit
    - NECoreKit
    - NEDyldYuv
    - NELivePlayer
    - NERoomKit
    - NERtcSDK
    - NIMSDK_LITE
    - ReachabilitySwift
    - YXAlog
    - YXArtemis

EXTERNAL SOURCES:
  connectivity_plus:
    :path: ".symlinks/plugins/connectivity_plus/ios"
  device_info:
    :path: ".symlinks/plugins/device_info/ios"
  Flutter:
    :path: Flutter
  neliveplayer_core:
    :path: ".symlinks/plugins/neliveplayer_core/ios"
  nertc_faceunity:
    :path: ".symlinks/plugins/nertc_faceunity/ios"
  netease_roomkit:
    :path: ".symlinks/plugins/netease_roomkit/ios"
  package_info:
    :path: ".symlinks/plugins/package_info/ios"
  path_provider_foundation:
    :path: ".symlinks/plugins/path_provider_foundation/darwin"
  permission_handler_apple:
    :path: ".symlinks/plugins/permission_handler_apple/ios"
  shared_preferences_foundation:
    :path: ".symlinks/plugins/shared_preferences_foundation/darwin"
  url_launcher_ios:
    :path: ".symlinks/plugins/url_launcher_ios/ios"
  wakelock:
    :path: ".symlinks/plugins/wakelock/ios"
  yunxin_alog:
    :path: ".symlinks/plugins/yunxin_alog/ios"

SPEC CHECKSUMS:
  connectivity_plus: bf0076dd84a130856aa636df1c71ccaff908fa1d
  device_info: d7d233b645a32c40dfdc212de5cf646ca482f175
  Flutter: e0871f40cf51350855a761d2e70bf5af5b9b5de7
  Nama-lite: 16dc2d9b1f8623eab723cadca1202f12a80bf341
  NECoreIMKit: 6d595f6d180cf8e0bbf55fa7d862ea177dfef884
  NECoreKit: 893ad0a01dc362fc2e237baae0013260f4050884
  NEDyldYuv: 6b47adff16186768bf2f8b165697fdee8e94d7ac
  NELivePlayer: 234cff6d39f8566029d49768ab397283912eb884
  neliveplayer_core: f397c01f5b0d9643f89694a583ab2f9b12d7fa51
  NERoomKit: 1ed55053d8a0e2e395c5591d6dbe81a003289f93
  nertc_faceunity: 168a29a3e83278c7c88a4cb44f03452cc60220cc
  NERtcSDK: f066138f9098989729b919c63ab2dc8ae15f8dd8
  netease_roomkit: 6fbf9e46f7b56aaa1ed5e8294c840c007050086f
  NIMSDK_LITE: fa984596e0d7653e0839bb328f50076164c10515
  package_info: 873975fc26034f0b863a300ad47e7f1ac6c7ec62
  path_provider_foundation: 2b6b4c569c0fb62ec74538f866245ac84301af46
  permission_handler_apple: 9878588469a2b0d0fc1e048d9f43605f92e6cec2
  ReachabilitySwift: 7f151ff156cea1481a8411701195ac6a984f4979
  shared_preferences_foundation: fcdcbc04712aee1108ac7fda236f363274528f78
  url_launcher_ios: 5334b05cef931de560670eeae103fd3e431ac3fe
  wakelock: d0fc7c864128eac40eba1617cb5264d9c940b46f
  yunxin_alog: c5532d2a6ab378baef9927fcae5ab19fe36c1103
  YXAlog: ac9bab3aff1326caa72cc25aedc358bc8d4f1b31
  YXArtemis: 36515be167b57ed0632bd4ac616578aacf549a39

PODFILE CHECKSUM: 3f56ee25c768c3bb960469c56935c0d0139f8e42

COCOAPODS: 1.15.2
